
Microsoft Visual Studio Solution File, Format Version 12.00
# Visual Studio Version 16
VisualStudioVersion = 16.0.29728.190
MinimumVisualStudioVersion = 10.0.40219.1
Project("{2150E333-8FDC-42A3-9474-1A3956D46DE8}") = "RoundRobin", "RoundRobin", "{B778382A-7B1A-430B-8622-BD266A727B0F}"
EndProject
Project("{9A19103F-16F7-4668-BE54-9A1E7A4F7556}") = "NetCoreGrpc.LoadBalanceClient.ConsoleClientApp", "NetCoreGrpc.LoadBalanceClient.ConsoleClientApp\NetCoreGrpc.LoadBalanceClient.ConsoleClientApp.csproj", "{0AF3328E-49A6-44D3-BBD9-AF29FBFB6146}"
EndProject
Project("{2150E333-8FDC-42A3-9474-1A3956D46DE8}") = "Lookaside", "Lookaside", "{7E45ED39-8B24-4B93-8455-EE7203EA1DB7}"
EndProject
Project("{9A19103F-16F7-4668-BE54-9A1E7A4F7556}") = "NetCoreGrpc.LoadBalanceExternal.ConsoleClientApp", "NetCoreGrpc.LoadBalanceExternal.ConsoleClientApp\NetCoreGrpc.LoadBalanceExternal.ConsoleClientApp.csproj", "{FDD8956F-2DAB-47A2-86CB-8124AE8142B7}"
EndProject
Project("{9A19103F-16F7-4668-BE54-9A1E7A4F7556}") = "NetCoreGrpc.ServerApp", "NetCoreGrpc.ServerApp\NetCoreGrpc.ServerApp.csproj", "{C397A0BA-E60E-4101-A6A0-B5CD3054909F}"
EndProject
Project("{9A19103F-16F7-4668-BE54-9A1E7A4F7556}") = "NetCoreGrpc.MyGrpcLoadBalancer", "NetCoreGrpc.MyGrpcLoadBalancer\NetCoreGrpc.MyGrpcLoadBalancer.csproj", "{06C1C167-1AA3-420B-8C55-59D0F3B6BB56}"
EndProject
Project("{2150E333-8FDC-42A3-9474-1A3956D46DE8}") = "MyGrpcLoadBalancer", "MyGrpcLoadBalancer", "{335CC598-19A2-4F8B-9367-E3FD69E25CEA}"
EndProject
Project("{2150E333-8FDC-42A3-9474-1A3956D46DE8}") = "Server", "Server", "{EA48C94B-D09A-4D47-99BC-4F037CBED38B}"
EndProject
Project("{2150E333-8FDC-42A3-9474-1A3956D46DE8}") = "LoadBalancingForCsharpClient", "LoadBalancingForCsharpClient", "{5949DBB5-B1AB-44A6-91C9-AE4DD0400CC2}"
EndProject
Project("{2150E333-8FDC-42A3-9474-1A3956D46DE8}") = "LoadBalancingForDotNetClient", "LoadBalancingForDotNetClient", "{50CED42C-B1BF-4F78-853E-14749D91BD79}"
EndProject
Project("{2150E333-8FDC-42A3-9474-1A3956D46DE8}") = "RoundRobin", "RoundRobin", "{ED1B2B90-37D2-4A50-9B38-5A51BCFF979B}"
EndProject
Project("{2150E333-8FDC-42A3-9474-1A3956D46DE8}") = "Lookaside", "Lookaside", "{02464F9A-309D-4788-917B-6CB999FE7338}"
EndProject
Project("{9A19103F-16F7-4668-BE54-9A1E7A4F7556}") = "NetCoreGrpc.DotNet.LoadBalanceExternal.ConsoleClientApp", "NetCoreGrpc.DotNet.LoadBalanceExternal.ConsoleClientApp\NetCoreGrpc.DotNet.LoadBalanceExternal.ConsoleClientApp.csproj", "{D651F750-C999-4332-BAB7-444F9268B76D}"
EndProject
Project("{9A19103F-16F7-4668-BE54-9A1E7A4F7556}") = "NetCoreGrpc.DotNet.LoadBalanceClient.ConsoleClientApp", "NetCoreGrpc.DotNet.LoadBalanceClient.ConsoleClientApp\NetCoreGrpc.DotNet.LoadBalanceClient.ConsoleClientApp.csproj", "{B3FE76FA-7F8B-4321-9B1B-FCE165ABCC45}"
EndProject
Project("{2150E333-8FDC-42A3-9474-1A3956D46DE8}") = "GrpcDotNetFork", "GrpcDotNetFork", "{69D4374B-0E8C-4128-BAE4-5262D78078B7}"
	ProjectSection(SolutionItems) = preProject
		README_FORK.md = README_FORK.md
	EndProjectSection
EndProject
Project("{9A19103F-16F7-4668-BE54-9A1E7A4F7556}") = "Grpc.Net.Client", "grpc-dotnet\src\Grpc.Net.Client\Grpc.Net.Client.csproj", "{A95A3930-CFE1-42EE-B602-CD8F448AC0C0}"
EndProject
Project("{9A19103F-16F7-4668-BE54-9A1E7A4F7556}") = "Grpc.Net.Common", "grpc-dotnet\src\Grpc.Net.Common\Grpc.Net.Common.csproj", "{B4260CE5-1132-4C25-8086-DA7B83943BB0}"
EndProject
Project("{9A19103F-16F7-4668-BE54-9A1E7A4F7556}") = "Grpc.Net.Client.LoadBalancing", "grpc-dotnet\src\Grpc.Net.Client.LoadBalancing\Grpc.Net.Client.LoadBalancing.csproj", "{BE5F12F4-25A2-4F5A-B63C-73FFB884C028}"
EndProject
Project("{9A19103F-16F7-4668-BE54-9A1E7A4F7556}") = "Grpc.Net.Client.LoadBalancing.Tests", "grpc-dotnet\test\Grpc.Net.Client.LoadBalancing.Tests\Grpc.Net.Client.LoadBalancing.Tests.csproj", "{2FE103DC-77ED-48EC-9635-C80E75345066}"
EndProject
Project("{9A19103F-16F7-4668-BE54-9A1E7A4F7556}") = "Grpc.Net.ClientFactory", "grpc-dotnet\src\Grpc.Net.ClientFactory\Grpc.Net.ClientFactory.csproj", "{8C2A376B-04FE-4F0A-80CF-045B61357913}"
EndProject
Project("{9A19103F-16F7-4668-BE54-9A1E7A4F7556}") = "Grpc.AspNetCore", "grpc-dotnet\src\Grpc.AspNetCore\Grpc.AspNetCore.csproj", "{E7B37D9C-8527-4C23-9931-015DDC2212CD}"
EndProject
Project("{9A19103F-16F7-4668-BE54-9A1E7A4F7556}") = "Grpc.AspNetCore.Server", "grpc-dotnet\src\Grpc.AspNetCore.Server\Grpc.AspNetCore.Server.csproj", "{AB05E4AB-B341-4BE0-A1C0-B50F74085170}"
EndProject
Project("{9A19103F-16F7-4668-BE54-9A1E7A4F7556}") = "Grpc.AspNetCore.Server.ClientFactory", "grpc-dotnet\src\Grpc.AspNetCore.Server.ClientFactory\Grpc.AspNetCore.Server.ClientFactory.csproj", "{B1E34B2B-0BBB-4F0C-9F66-12A01DBE0D99}"
EndProject
Project("{2150E333-8FDC-42A3-9474-1A3956D46DE8}") = "src", "src", "{3594E0BA-151F-4100-BB79-7BFE20EE4365}"
EndProject
Project("{2150E333-8FDC-42A3-9474-1A3956D46DE8}") = "test", "test", "{303DC090-4C0A-4412-98C1-4B66B096A90D}"
EndProject
Global
	GlobalSection(SolutionConfigurationPlatforms) = preSolution
		Debug|Any CPU = Debug|Any CPU
		Release|Any CPU = Release|Any CPU
	EndGlobalSection
	GlobalSection(ProjectConfigurationPlatforms) = postSolution
		{0AF3328E-49A6-44D3-BBD9-AF29FBFB6146}.Debug|Any CPU.ActiveCfg = Debug|Any CPU
		{0AF3328E-49A6-44D3-BBD9-AF29FBFB6146}.Debug|Any CPU.Build.0 = Debug|Any CPU
		{0AF3328E-49A6-44D3-BBD9-AF29FBFB6146}.Release|Any CPU.ActiveCfg = Release|Any CPU
		{0AF3328E-49A6-44D3-BBD9-AF29FBFB6146}.Release|Any CPU.Build.0 = Release|Any CPU
		{FDD8956F-2DAB-47A2-86CB-8124AE8142B7}.Debug|Any CPU.ActiveCfg = Debug|Any CPU
		{FDD8956F-2DAB-47A2-86CB-8124AE8142B7}.Debug|Any CPU.Build.0 = Debug|Any CPU
		{FDD8956F-2DAB-47A2-86CB-8124AE8142B7}.Release|Any CPU.ActiveCfg = Release|Any CPU
		{FDD8956F-2DAB-47A2-86CB-8124AE8142B7}.Release|Any CPU.Build.0 = Release|Any CPU
		{C397A0BA-E60E-4101-A6A0-B5CD3054909F}.Debug|Any CPU.ActiveCfg = Debug|Any CPU
		{C397A0BA-E60E-4101-A6A0-B5CD3054909F}.Debug|Any CPU.Build.0 = Debug|Any CPU
		{C397A0BA-E60E-4101-A6A0-B5CD3054909F}.Release|Any CPU.ActiveCfg = Release|Any CPU
		{C397A0BA-E60E-4101-A6A0-B5CD3054909F}.Release|Any CPU.Build.0 = Release|Any CPU
		{06C1C167-1AA3-420B-8C55-59D0F3B6BB56}.Debug|Any CPU.ActiveCfg = Debug|Any CPU
		{06C1C167-1AA3-420B-8C55-59D0F3B6BB56}.Debug|Any CPU.Build.0 = Debug|Any CPU
		{06C1C167-1AA3-420B-8C55-59D0F3B6BB56}.Release|Any CPU.ActiveCfg = Release|Any CPU
		{06C1C167-1AA3-420B-8C55-59D0F3B6BB56}.Release|Any CPU.Build.0 = Release|Any CPU
		{D651F750-C999-4332-BAB7-444F9268B76D}.Debug|Any CPU.ActiveCfg = Debug|Any CPU
		{D651F750-C999-4332-BAB7-444F9268B76D}.Debug|Any CPU.Build.0 = Debug|Any CPU
		{D651F750-C999-4332-BAB7-444F9268B76D}.Release|Any CPU.ActiveCfg = Release|Any CPU
		{D651F750-C999-4332-BAB7-444F9268B76D}.Release|Any CPU.Build.0 = Release|Any CPU
		{B3FE76FA-7F8B-4321-9B1B-FCE165ABCC45}.Debug|Any CPU.ActiveCfg = Debug|Any CPU
		{B3FE76FA-7F8B-4321-9B1B-FCE165ABCC45}.Debug|Any CPU.Build.0 = Debug|Any CPU
		{B3FE76FA-7F8B-4321-9B1B-FCE165ABCC45}.Release|Any CPU.ActiveCfg = Release|Any CPU
		{B3FE76FA-7F8B-4321-9B1B-FCE165ABCC45}.Release|Any CPU.Build.0 = Release|Any CPU
		{A95A3930-CFE1-42EE-B602-CD8F448AC0C0}.Debug|Any CPU.ActiveCfg = Debug|Any CPU
		{A95A3930-CFE1-42EE-B602-CD8F448AC0C0}.Debug|Any CPU.Build.0 = Debug|Any CPU
		{A95A3930-CFE1-42EE-B602-CD8F448AC0C0}.Release|Any CPU.ActiveCfg = Release|Any CPU
		{A95A3930-CFE1-42EE-B602-CD8F448AC0C0}.Release|Any CPU.Build.0 = Release|Any CPU
		{B4260CE5-1132-4C25-8086-DA7B83943BB0}.Debug|Any CPU.ActiveCfg = Debug|Any CPU
		{B4260CE5-1132-4C25-8086-DA7B83943BB0}.Debug|Any CPU.Build.0 = Debug|Any CPU
		{B4260CE5-1132-4C25-8086-DA7B83943BB0}.Release|Any CPU.ActiveCfg = Release|Any CPU
		{B4260CE5-1132-4C25-8086-DA7B83943BB0}.Release|Any CPU.Build.0 = Release|Any CPU
		{BE5F12F4-25A2-4F5A-B63C-73FFB884C028}.Debug|Any CPU.ActiveCfg = Debug|Any CPU
		{BE5F12F4-25A2-4F5A-B63C-73FFB884C028}.Debug|Any CPU.Build.0 = Debug|Any CPU
		{BE5F12F4-25A2-4F5A-B63C-73FFB884C028}.Release|Any CPU.ActiveCfg = Release|Any CPU
		{BE5F12F4-25A2-4F5A-B63C-73FFB884C028}.Release|Any CPU.Build.0 = Release|Any CPU
		{2FE103DC-77ED-48EC-9635-C80E75345066}.Debug|Any CPU.ActiveCfg = Debug|Any CPU
		{2FE103DC-77ED-48EC-9635-C80E75345066}.Debug|Any CPU.Build.0 = Debug|Any CPU
		{2FE103DC-77ED-48EC-9635-C80E75345066}.Release|Any CPU.ActiveCfg = Release|Any CPU
		{2FE103DC-77ED-48EC-9635-C80E75345066}.Release|Any CPU.Build.0 = Release|Any CPU
		{8C2A376B-04FE-4F0A-80CF-045B61357913}.Debug|Any CPU.ActiveCfg = Debug|Any CPU
		{8C2A376B-04FE-4F0A-80CF-045B61357913}.Debug|Any CPU.Build.0 = Debug|Any CPU
		{8C2A376B-04FE-4F0A-80CF-045B61357913}.Release|Any CPU.ActiveCfg = Release|Any CPU
		{8C2A376B-04FE-4F0A-80CF-045B61357913}.Release|Any CPU.Build.0 = Release|Any CPU
		{E7B37D9C-8527-4C23-9931-015DDC2212CD}.Debug|Any CPU.ActiveCfg = Debug|Any CPU
		{E7B37D9C-8527-4C23-9931-015DDC2212CD}.Debug|Any CPU.Build.0 = Debug|Any CPU
		{E7B37D9C-8527-4C23-9931-015DDC2212CD}.Release|Any CPU.ActiveCfg = Release|Any CPU
		{E7B37D9C-8527-4C23-9931-015DDC2212CD}.Release|Any CPU.Build.0 = Release|Any CPU
		{AB05E4AB-B341-4BE0-A1C0-B50F74085170}.Debug|Any CPU.ActiveCfg = Debug|Any CPU
		{AB05E4AB-B341-4BE0-A1C0-B50F74085170}.Debug|Any CPU.Build.0 = Debug|Any CPU
		{AB05E4AB-B341-4BE0-A1C0-B50F74085170}.Release|Any CPU.ActiveCfg = Release|Any CPU
		{AB05E4AB-B341-4BE0-A1C0-B50F74085170}.Release|Any CPU.Build.0 = Release|Any CPU
		{B1E34B2B-0BBB-4F0C-9F66-12A01DBE0D99}.Debug|Any CPU.ActiveCfg = Debug|Any CPU
		{B1E34B2B-0BBB-4F0C-9F66-12A01DBE0D99}.Debug|Any CPU.Build.0 = Debug|Any CPU
		{B1E34B2B-0BBB-4F0C-9F66-12A01DBE0D99}.Release|Any CPU.ActiveCfg = Release|Any CPU
		{B1E34B2B-0BBB-4F0C-9F66-12A01DBE0D99}.Release|Any CPU.Build.0 = Release|Any CPU
	EndGlobalSection
	GlobalSection(SolutionProperties) = preSolution
		HideSolutionNode = FALSE
	EndGlobalSection
	GlobalSection(NestedProjects) = preSolution
		{B778382A-7B1A-430B-8622-BD266A727B0F} = {5949DBB5-B1AB-44A6-91C9-AE4DD0400CC2}
		{0AF3328E-49A6-44D3-BBD9-AF29FBFB6146} = {B778382A-7B1A-430B-8622-BD266A727B0F}
		{7E45ED39-8B24-4B93-8455-EE7203EA1DB7} = {5949DBB5-B1AB-44A6-91C9-AE4DD0400CC2}
		{FDD8956F-2DAB-47A2-86CB-8124AE8142B7} = {7E45ED39-8B24-4B93-8455-EE7203EA1DB7}
		{C397A0BA-E60E-4101-A6A0-B5CD3054909F} = {EA48C94B-D09A-4D47-99BC-4F037CBED38B}
		{06C1C167-1AA3-420B-8C55-59D0F3B6BB56} = {335CC598-19A2-4F8B-9367-E3FD69E25CEA}
		{ED1B2B90-37D2-4A50-9B38-5A51BCFF979B} = {50CED42C-B1BF-4F78-853E-14749D91BD79}
		{02464F9A-309D-4788-917B-6CB999FE7338} = {50CED42C-B1BF-4F78-853E-14749D91BD79}
		{D651F750-C999-4332-BAB7-444F9268B76D} = {02464F9A-309D-4788-917B-6CB999FE7338}
		{B3FE76FA-7F8B-4321-9B1B-FCE165ABCC45} = {ED1B2B90-37D2-4A50-9B38-5A51BCFF979B}
		{A95A3930-CFE1-42EE-B602-CD8F448AC0C0} = {3594E0BA-151F-4100-BB79-7BFE20EE4365}
		{B4260CE5-1132-4C25-8086-DA7B83943BB0} = {3594E0BA-151F-4100-BB79-7BFE20EE4365}
		{BE5F12F4-25A2-4F5A-B63C-73FFB884C028} = {3594E0BA-151F-4100-BB79-7BFE20EE4365}
		{2FE103DC-77ED-48EC-9635-C80E75345066} = {303DC090-4C0A-4412-98C1-4B66B096A90D}
		{8C2A376B-04FE-4F0A-80CF-045B61357913} = {3594E0BA-151F-4100-BB79-7BFE20EE4365}
		{E7B37D9C-8527-4C23-9931-015DDC2212CD} = {3594E0BA-151F-4100-BB79-7BFE20EE4365}
		{AB05E4AB-B341-4BE0-A1C0-B50F74085170} = {3594E0BA-151F-4100-BB79-7BFE20EE4365}
		{B1E34B2B-0BBB-4F0C-9F66-12A01DBE0D99} = {3594E0BA-151F-4100-BB79-7BFE20EE4365}
		{3594E0BA-151F-4100-BB79-7BFE20EE4365} = {69D4374B-0E8C-4128-BAE4-5262D78078B7}
		{303DC090-4C0A-4412-98C1-4B66B096A90D} = {69D4374B-0E8C-4128-BAE4-5262D78078B7}
	EndGlobalSection
	GlobalSection(ExtensibilityGlobals) = postSolution
		SolutionGuid = {F901E625-68DD-4E60-8F45-2C384EAD4EF1}
	EndGlobalSection
EndGlobal
